
Microsoft Visual Studio Solution File, Format Version 12.00
# Visual Studio Version 16
VisualStudioVersion = 16.0.33801.447
MinimumVisualStudioVersion = 10.0.40219.1
Project("{FAE04EC0-301F-11D3-BF4B-00C04F79EFBC}") = "Users.API", "Users.API\Users.API.csproj", "{87223B61-8106-4EF6-A056-671CD935467C}"
EndProject
Global
	GlobalSection(SolutionConfigurationPlatforms) = preSolution
		Debug|Any CPU = Debug|Any CPU
		Release|Any CPU = Release|Any CPU
	EndGlobalSection
	GlobalSection(ProjectConfigurationPlatforms) = postSolution
		{87223B61-8106-4EF6-A056-671CD935467C}.Debug|Any CPU.ActiveCfg = Debug|Any CPU
		{87223B61-8106-4EF6-A056-671CD935467C}.Debug|Any CPU.Build.0 = Debug|Any CPU
		{87223B61-8106-4EF6-A056-671CD935467C}.Release|Any CPU.ActiveCfg = Release|Any CPU
		{87223B61-8106-4EF6-A056-671CD935467C}.Release|Any CPU.Build.0 = Release|Any CPU
	EndGlobalSection
	GlobalSection(SolutionProperties) = preSolution
		HideSolutionNode = FALSE
	EndGlobalSection
	GlobalSection(ExtensibilityGlobals) = postSolution
		SolutionGuid = {F787870B-D35C-462F-A080-F8FF57CB90A6}
	EndGlobalSection
EndGlobal
